
Microsoft Visual Studio Solution File, Format Version 12.00
# Visual Studio 2012
Project("{FAE04EC0-301F-11D3-BF4B-00C04F79EFBC}") = "MV", "MV\MV.csproj", "{CAB7F1F8-3E79-41A4-9DE7-ED636ACB6B97}"
EndProject
Project("{FAE04EC0-301F-11D3-BF4B-00C04F79EFBC}") = "MV.Tests", "MV.Tests\MV.Tests.csproj", "{354B517C-B21F-4C5D-AA7E-4B3836F5B248}"
EndProject
Project("{FAE04EC0-301F-11D3-BF4B-00C04F79EFBC}") = "MO", "MO\MO.csproj", "{41139097-0BF1-49D8-87CB-100942EF1390}"
EndProject
Project("{FAE04EC0-301F-11D3-BF4B-00C04F79EFBC}") = "MD", "MD\MD.csproj", "{CCA28C08-A9FF-4B0F-BCA4-77C3065BE94B}"
EndProject
Global
	GlobalSection(SolutionConfigurationPlatforms) = preSolution
		Debug|Any CPU = Debug|Any CPU
		Release|Any CPU = Release|Any CPU
	EndGlobalSection
	GlobalSection(ProjectConfigurationPlatforms) = postSolution
		{CAB7F1F8-3E79-41A4-9DE7-ED636ACB6B97}.Debug|Any CPU.ActiveCfg = Debug|Any CPU
		{CAB7F1F8-3E79-41A4-9DE7-ED636ACB6B97}.Debug|Any CPU.Build.0 = Debug|Any CPU
		{CAB7F1F8-3E79-41A4-9DE7-ED636ACB6B97}.Release|Any CPU.ActiveCfg = Release|Any CPU
		{CAB7F1F8-3E79-41A4-9DE7-ED636ACB6B97}.Release|Any CPU.Build.0 = Release|Any CPU
		{354B517C-B21F-4C5D-AA7E-4B3836F5B248}.Debug|Any CPU.ActiveCfg = Debug|Any CPU
		{354B517C-B21F-4C5D-AA7E-4B3836F5B248}.Release|Any CPU.ActiveCfg = Release|Any CPU
		{354B517C-B21F-4C5D-AA7E-4B3836F5B248}.Release|Any CPU.Build.0 = Release|Any CPU
		{41139097-0BF1-49D8-87CB-100942EF1390}.Debug|Any CPU.ActiveCfg = Debug|Any CPU
		{41139097-0BF1-49D8-87CB-100942EF1390}.Debug|Any CPU.Build.0 = Debug|Any CPU
		{41139097-0BF1-49D8-87CB-100942EF1390}.Release|Any CPU.ActiveCfg = Release|Any CPU
		{41139097-0BF1-49D8-87CB-100942EF1390}.Release|Any CPU.Build.0 = Release|Any CPU
		{CCA28C08-A9FF-4B0F-BCA4-77C3065BE94B}.Debug|Any CPU.ActiveCfg = Debug|Any CPU
		{CCA28C08-A9FF-4B0F-BCA4-77C3065BE94B}.Debug|Any CPU.Build.0 = Debug|Any CPU
		{CCA28C08-A9FF-4B0F-BCA4-77C3065BE94B}.Release|Any CPU.ActiveCfg = Release|Any CPU
		{CCA28C08-A9FF-4B0F-BCA4-77C3065BE94B}.Release|Any CPU.Build.0 = Release|Any CPU
	EndGlobalSection
	GlobalSection(SolutionProperties) = preSolution
		HideSolutionNode = FALSE
	EndGlobalSection
EndGlobal
